
Microsoft Visual Studio Solution File, Format Version 12.00
# Visual Studio 15
VisualStudioVersion = 15.0.27703.2035
MinimumVisualStudioVersion = 10.0.40219.1
Project("{FAE04EC0-301F-11D3-BF4B-00C04F79EFBC}") = "FizzBuzz", "FizzBuzz\FizzBuzz.csproj", "{69E60CC4-F27A-4049-9801-801F61BC0ED5}"
EndProject
Global
	GlobalSection(SolutionConfigurationPlatforms) = preSolution
		Debug|Any CPU = Debug|Any CPU
		Release|Any CPU = Release|Any CPU
	EndGlobalSection
	GlobalSection(ProjectConfigurationPlatforms) = postSolution
		{69E60CC4-F27A-4049-9801-801F61BC0ED5}.Debug|Any CPU.ActiveCfg = Debug|Any CPU
		{69E60CC4-F27A-4049-9801-801F61BC0ED5}.Debug|Any CPU.Build.0 = Debug|Any CPU
		{69E60CC4-F27A-4049-9801-801F61BC0ED5}.Release|Any CPU.ActiveCfg = Release|Any CPU
		{69E60CC4-F27A-4049-9801-801F61BC0ED5}.Release|Any CPU.Build.0 = Release|Any CPU
	EndGlobalSection
	GlobalSection(SolutionProperties) = preSolution
		HideSolutionNode = FALSE
	EndGlobalSection
	GlobalSection(ExtensibilityGlobals) = postSolution
		SolutionGuid = {2FB2BEBB-15B4-484A-92AD-DF04AE66B466}
	EndGlobalSection
EndGlobal
